{
  "name": "JavaScript_Stater_Files",
  "lockfileVersion": 2,
  "requires": true,
  "packages": {
    "": {
      "dependencies": {
        "mdb-ui-kit": "^3.10.2"
      }
    },
    "node_modules/mdb-ui-kit": {
      "version": "3.10.2",
      "resolved": "https://registry.npmjs.org/mdb-ui-kit/-/mdb-ui-kit-3.10.2.tgz",
      "integrity": "sha512-XiLNyf0Z04CoyvfbG3bQBMsib+yIGYnEoWCbKUC+QcdbUe/mM7yqeIfekKMgGhBZ1mj7nDt1nIKODmAP7gJFFA=="
    }
  },
  "dependencies": {
    "mdb-ui-kit": {
      "version": "3.10.2",
      "resolved": "https://registry.npmjs.org/mdb-ui-kit/-/mdb-ui-kit-3.10.2.tgz",
      "integrity": "sha512-XiLNyf0Z04CoyvfbG3bQBMsib+yIGYnEoWCbKUC+QcdbUe/mM7yqeIfekKMgGhBZ1mj7nDt1nIKODmAP7gJFFA=="
    }
  }
}
